{
    "_meta": {
        "hash": {
            "sha256": "8c6c1cb6f9d0ad9c59644827e908887898fe8f2d5e57bb7aedcd7a75c743eb24"
        },
        "pipfile-spec": 6,
        "requires": {
            "python_version": "3.7"
        },
        "sources": [
            {
                "name": "pypi",
                "url": "https://pypi.org/simple",
                "verify_ssl": true
            }
        ]
    },
    "default": {
        "pymupdf": {
            "hashes": [
                "sha256:0095add485b1a87517e8434743f2697976094df134a5cb1d531b5d63c733697d",
                "sha256:0de92a8fb65db6e661594cc5865a340a2daac3cb9bb58e030820769ece1343c1",
                "sha256:0f156bd7c5ddb80ab1b0c924a4cc37688ce1ee77afd9a13018fd3658a334d6f8",
                "sha256:11777d7a8321a3d91125b987e7bc8ee98417fe829e70127df3d44ccc31ecd0b0",
                "sha256:19433257a99754fa21390299882404db1fa70fb666467bc468000010f94f7822",
                "sha256:1993488de5915dfb99743134cab1bb580c8a1186541331c3804fd66c4acf30ff",
                "sha256:3dc6f80f06bddefd2af53644f6f78c6b20aea323fc8b21e70db060454359c7fd",
                "sha256:478e1cae0dd693c310a5ec03c0c467d24f033704ac456f20d4d378bcdcc59315",
                "sha256:504a7b5c043b13dbff07ea2c285b5f663ee9834a96e08872b7be19587baef8ab",
                "sha256:5a07c8287646ea5d9aeab69ae8d427f2018770f100e85e6f126f17aa5352d8a7",
                "sha256:607da91ed1e080e40dd608aec8c2dce78d2cbe490b74c866be3e43d80ebf695a",
                "sha256:6210e00c4f0a5344351596b813954884305bef88d3f1af1b704fe7134ef12823",
                "sha256:792abc4f0ed86972ea8106c996186f71bfb971814d934ad0880fab820ebbf0fb",
                "sha256:845a6c4271d4f590d1e6f3de93abc979f48d89c9aa2726aa12afa65c698a79c6",
                "sha256:86601231171932445b903f1188f81a185c8b31544a98a1ed60dd5ca0b0a8bf11",
                "sha256:91d9b3a0b73938c2db7dea5b65da3ababfe0e5027746ac60691424ac6b5bb1e0",
                "sha256:9f5e33c83e54e52393e22007b95de4e063494c5169aca4b613711772f38be798",
                "sha256:ad547e65ecbf89e061f6fbd11b570327c9d87bd84f2aeca6293fab8bb2a32f9b",
                "sha256:b17889270590fc7c7ddf6f9bb226eab1a8e299860af10638dd2e0c95df6e5acc",
                "sha256:b3e940905e22baa13216b87792d5aa0c42ba6316ce9a817ee09ef75772ac4722",
                "sha256:e50307d5ded4d3336840e6e350f558ec65357aa0ae0742937ae188d1ea22430f",
                "sha256:eb9f47f2d4c7ad35412faedb59d2cbc7edb4589022f4000037641964d5b491b2"
            ],
            "index": "pypi",
            "version": "==1.17.0"
        }
    },
    "develop": {}
}
